// !$*UTF8*$!
{
	archiveVersion = 1;
	classes = {
	};
	objectVersion = 56;
	objects = {

/* Begin PBXBuildFile section */
		0AD779DB9AB33F688896398A /* ListResponse.swift in Sources */ = {isa = PBXBuildFile; fileRef = 330BC010316443033E562CB9 /* ListResponse.swift */; };
		0E2A12E3868FDBCF1C0A882F /* DetailsResponse.swift in Sources */ = {isa = PBXBuildFile; fileRef = 4085035C82E946EDEF11A67B /* DetailsResponse.swift */; };
		189E35BD3DF3BCEEF2E744C0 /* ListRequest.swift in Sources */ = {isa = PBXBuildFile; fileRef = 9BDE3273485BBDD26991144C /* ListRequest.swift */; };
		1941AAFD07D0E0BE8C768C68 /* AppDelegate.swift in Sources */ = {isa = PBXBuildFile; fileRef = 1A246ADB20CFDF70859310ED /* AppDelegate.swift */; };
		19853B712B1258A4A77BE40F /* DetailsCell.swift in Sources */ = {isa = PBXBuildFile; fileRef = BEB5C4688A10945311AAFF9F /* DetailsCell.swift */; };
		2A4C6019CD196D16C3CAB84A /* ListRowViewModelMock.swift in Sources */ = {isa = PBXBuildFile; fileRef = 563D9AA2EBB99AB720A5C078 /* ListRowViewModelMock.swift */; };
		347D1D4246A07463ED86AF97 /* ListViewModel.swift in Sources */ = {isa = PBXBuildFile; fileRef = C8CFD8F90DF9818294EBBD4F /* ListViewModel.swift */; };
		421EE96A7085F9DCE6FCB630 /* IntExtensions.swift in Sources */ = {isa = PBXBuildFile; fileRef = 32DBFF2C1B04041AB58719AA /* IntExtensions.swift */; };
		44196E385F9538CCBD34E79F /* DetailsRequest.swift in Sources */ = {isa = PBXBuildFile; fileRef = 4B50BFB38A96993D3E0E3CFD /* DetailsRequest.swift */; };
		4C7F14665FB781873738F5D0 /* DetailsRowViewModel.swift in Sources */ = {isa = PBXBuildFile; fileRef = 14616C85A7D5D52BF442A1DE /* DetailsRowViewModel.swift */; };
		4EC8243188811042E5C96757 /* Environment.swift in Sources */ = {isa = PBXBuildFile; fileRef = 684AE9AB8A3BAFEB18E40B06 /* Environment.swift */; };
		5230C3F163D0772309DC4210 /* ListViewModelTests.swift in Sources */ = {isa = PBXBuildFile; fileRef = 634FC9A5BE89D55CAF520C93 /* ListViewModelTests.swift */; };
		526060D9204A83D86C752A1B /* UIFontExtensions.swift in Sources */ = {isa = PBXBuildFile; fileRef = 0DD9B43DA6C0E3AFF09A66E6 /* UIFontExtensions.swift */; };
		54CDDAB6DA0EBCB9A4FEB870 /* WASErrorView.swift in Sources */ = {isa = PBXBuildFile; fileRef = DCD85FBBC34D10055E3EAD69 /* WASErrorView.swift */; };
		717DCBCE964DB7506C3242D3 /* ResponseType.swift in Sources */ = {isa = PBXBuildFile; fileRef = 61581B42180859BD3ED39C9F /* ResponseType.swift */; };
		7DEAEDBB98695D0F14BF93A2 /* WASAPIMock.swift in Sources */ = {isa = PBXBuildFile; fileRef = 34209B378C6E7602D8D5B73B /* WASAPIMock.swift */; };
		7F8668B9F5A8B65BE080D2F1 /* Pods_challenge.framework in Frameworks */ = {isa = PBXBuildFile; fileRef = 51DBE41BF8DCE9DB4C340B52 /* Pods_challenge.framework */; };
		7FE66B315EAA472E49A767B8 /* ListCell.swift in Sources */ = {isa = PBXBuildFile; fileRef = B60CC303919150182D725478 /* ListCell.swift */; };
		88A0DF395094BBB3362D813C /* UIEdgeInsetsExtensions.swift in Sources */ = {isa = PBXBuildFile; fileRef = 82F305E59C84A1A5886E6BFF /* UIEdgeInsetsExtensions.swift */; };
		8DC0EB0FA6D1141EC9EAF48A /* Assets.xcassets in Resources */ = {isa = PBXBuildFile; fileRef = 426143FFD3FE63590BBF47A8 /* Assets.xcassets */; };
		8F9C6D4A64C25C9D0230F4EC /* DependencyContainer.swift in Sources */ = {isa = PBXBuildFile; fileRef = 37C31550BB701C320CC410A6 /* DependencyContainer.swift */; };
		98B3448D707CD453FBB9E826 /* WASViewController.swift in Sources */ = {isa = PBXBuildFile; fileRef = B05FC68FFF0CF66EAD8B2A6D /* WASViewController.swift */; };
		9A662310EB98699B52D4C8B7 /* LaunchScreen.storyboard in Resources */ = {isa = PBXBuildFile; fileRef = 243356E12739A4D68A2E238E /* LaunchScreen.storyboard */; };
		9A8B3D72381DB8871C7986B8 /* ListViewControllerTests.swift in Sources */ = {isa = PBXBuildFile; fileRef = 59A646AC722AE91CA25AA1E2 /* ListViewControllerTests.swift */; };
		A7B0AA282CF9125F004F7D61 /* DetailsViewControllerTests.swift in Sources */ = {isa = PBXBuildFile; fileRef = A7B0AA272CF91257004F7D61 /* DetailsViewControllerTests.swift */; };
		A7B0AA2A2CF91287004F7D61 /* DetailsViewModelSpy.swift in Sources */ = {isa = PBXBuildFile; fileRef = A7B0AA292CF91287004F7D61 /* DetailsViewModelSpy.swift */; };
		A7B0AA2C2CF91469004F7D61 /* DetailsViewModelTests.swift in Sources */ = {isa = PBXBuildFile; fileRef = A7B0AA2B2CF91463004F7D61 /* DetailsViewModelTests.swift */; };
		A7B0AA2E2CF9148E004F7D61 /* DetailsViewControllerSpy.swift in Sources */ = {isa = PBXBuildFile; fileRef = A7B0AA2D2CF91489004F7D61 /* DetailsViewControllerSpy.swift */; };
		ADD9776A90EF383A304730B8 /* DetailsViewModel.swift in Sources */ = {isa = PBXBuildFile; fileRef = EAA56C4BF906A640713F6669 /* DetailsViewModel.swift */; };
		B346C0E71966480D43BB333A /* UIViewExtensions.swift in Sources */ = {isa = PBXBuildFile; fileRef = 6B580344F1CA5966A390547A /* UIViewExtensions.swift */; };
		BCF832618FC39039F09BB0A6 /* ListViewControllerSpy.swift in Sources */ = {isa = PBXBuildFile; fileRef = EF955009F8E553739BD03589 /* ListViewControllerSpy.swift */; };
		C18513E544DC68E5B364FE70 /* UIImageViewExtensions.swift in Sources */ = {isa = PBXBuildFile; fileRef = 321E68490AAB2283EFF437A3 /* UIImageViewExtensions.swift */; };
		C248158A78A4FE80B5BBFF3D /* DetailsProtocols.swift in Sources */ = {isa = PBXBuildFile; fileRef = 8656FDFD4EF4A7A726F14609 /* DetailsProtocols.swift */; };
		C2C81BB626839233ABA6B403 /* ListViewModelSpy.swift in Sources */ = {isa = PBXBuildFile; fileRef = 3F7607584B964F78F1C031CC /* ListViewModelSpy.swift */; };
		C7418185A281AA5807AF3FF2 /* UIColorExtensions.swift in Sources */ = {isa = PBXBuildFile; fileRef = 5512C7C54B5D9064C8891DE6 /* UIColorExtensions.swift */; };
		CA8548C46BB18409F34588EE /* Owner.swift in Sources */ = {isa = PBXBuildFile; fileRef = 47B92C0E750C0C1377FADC6A /* Owner.swift */; };
		E6EBF1EC70686285A89F3AE4 /* ListRowViewModel.swift in Sources */ = {isa = PBXBuildFile; fileRef = 40BAA68C2ABF5FE9A5B3244E /* ListRowViewModel.swift */; };
		ECE900EBF3407B32FCC74B9A /* DetailsViewController.swift in Sources */ = {isa = PBXBuildFile; fileRef = FF4AE156FED48705CA108893 /* DetailsViewController.swift */; };
		F27C81B354E978DCF54D3C42 /* ListViewController.swift in Sources */ = {isa = PBXBuildFile; fileRef = AFEB7D56F889A65194A6CF16 /* ListViewController.swift */; };
		F352CAEF68CC465A65EC7AD0 /* ListProtocols.swift in Sources */ = {isa = PBXBuildFile; fileRef = AAEA53A87F153CF53028A095 /* ListProtocols.swift */; };
		FF3D601C8E6496F4F00AA227 /* Pods_challengeTests.framework in Frameworks */ = {isa = PBXBuildFile; fileRef = 0930DF4F58959602EC46CA73 /* Pods_challengeTests.framework */; };
/* End PBXBuildFile section */

/* Begin PBXContainerItemProxy section */
		C7A29AC73D88BCC6FC5AF32A /* PBXContainerItemProxy */ = {
			isa = PBXContainerItemProxy;
			containerPortal = 3D3C629AA56C05E99DA73355 /* Project object */;
			proxyType = 1;
			remoteGlobalIDString = 1BD18AB17563842D09796886;
			remoteInfo = challenge;
		};
/* End PBXContainerItemProxy section */

/* Begin PBXFileReference section */
		0930DF4F58959602EC46CA73 /* Pods_challengeTests.framework */ = {isa = PBXFileReference; explicitFileType = wrapper.framework; includeInIndex = 0; path = Pods_challengeTests.framework; sourceTree = BUILT_PRODUCTS_DIR; };
		0DD9B43DA6C0E3AFF09A66E6 /* UIFontExtensions.swift */ = {isa = PBXFileReference; lastKnownFileType = sourcecode.swift; path = UIFontExtensions.swift; sourceTree = "<group>"; };
		0F5C84DBFF090DE3200E946C /* Info.plist */ = {isa = PBXFileReference; lastKnownFileType = text.plist; path = Info.plist; sourceTree = "<group>"; };
		12F63258320BA3CC9F59B93A /* challenge.app */ = {isa = PBXFileReference; explicitFileType = wrapper.application; includeInIndex = 0; path = challenge.app; sourceTree = BUILT_PRODUCTS_DIR; };
		14616C85A7D5D52BF442A1DE /* DetailsRowViewModel.swift */ = {isa = PBXFileReference; lastKnownFileType = sourcecode.swift; path = DetailsRowViewModel.swift; sourceTree = "<group>"; };
		1A246ADB20CFDF70859310ED /* AppDelegate.swift */ = {isa = PBXFileReference; lastKnownFileType = sourcecode.swift; path = AppDelegate.swift; sourceTree = "<group>"; };
		321E68490AAB2283EFF437A3 /* UIImageViewExtensions.swift */ = {isa = PBXFileReference; lastKnownFileType = sourcecode.swift; path = UIImageViewExtensions.swift; sourceTree = "<group>"; };
		32DBFF2C1B04041AB58719AA /* IntExtensions.swift */ = {isa = PBXFileReference; lastKnownFileType = sourcecode.swift; path = IntExtensions.swift; sourceTree = "<group>"; };
		330BC010316443033E562CB9 /* ListResponse.swift */ = {isa = PBXFileReference; lastKnownFileType = sourcecode.swift; path = ListResponse.swift; sourceTree = "<group>"; };
		34209B378C6E7602D8D5B73B /* WASAPIMock.swift */ = {isa = PBXFileReference; lastKnownFileType = sourcecode.swift; path = WASAPIMock.swift; sourceTree = "<group>"; };
		37C31550BB701C320CC410A6 /* DependencyContainer.swift */ = {isa = PBXFileReference; lastKnownFileType = sourcecode.swift; path = DependencyContainer.swift; sourceTree = "<group>"; };
		3F7607584B964F78F1C031CC /* ListViewModelSpy.swift */ = {isa = PBXFileReference; lastKnownFileType = sourcecode.swift; path = ListViewModelSpy.swift; sourceTree = "<group>"; };
		4085035C82E946EDEF11A67B /* DetailsResponse.swift */ = {isa = PBXFileReference; lastKnownFileType = sourcecode.swift; path = DetailsResponse.swift; sourceTree = "<group>"; };
		40BAA68C2ABF5FE9A5B3244E /* ListRowViewModel.swift */ = {isa = PBXFileReference; lastKnownFileType = sourcecode.swift; path = ListRowViewModel.swift; sourceTree = "<group>"; };
		426143FFD3FE63590BBF47A8 /* Assets.xcassets */ = {isa = PBXFileReference; lastKnownFileType = folder.assetcatalog; path = Assets.xcassets; sourceTree = "<group>"; };
		47123DAE98C0248E50D0C76D /* Base */ = {isa = PBXFileReference; lastKnownFileType = file.storyboard; name = Base; path = Base.lproj/LaunchScreen.storyboard; sourceTree = "<group>"; };
		47B92C0E750C0C1377FADC6A /* Owner.swift */ = {isa = PBXFileReference; lastKnownFileType = sourcecode.swift; path = Owner.swift; sourceTree = "<group>"; };
		4B50BFB38A96993D3E0E3CFD /* DetailsRequest.swift */ = {isa = PBXFileReference; lastKnownFileType = sourcecode.swift; path = DetailsRequest.swift; sourceTree = "<group>"; };
		51DBE41BF8DCE9DB4C340B52 /* Pods_challenge.framework */ = {isa = PBXFileReference; explicitFileType = wrapper.framework; includeInIndex = 0; path = Pods_challenge.framework; sourceTree = BUILT_PRODUCTS_DIR; };
		5512C7C54B5D9064C8891DE6 /* UIColorExtensions.swift */ = {isa = PBXFileReference; lastKnownFileType = sourcecode.swift; path = UIColorExtensions.swift; sourceTree = "<group>"; };
		563D9AA2EBB99AB720A5C078 /* ListRowViewModelMock.swift */ = {isa = PBXFileReference; lastKnownFileType = sourcecode.swift; path = ListRowViewModelMock.swift; sourceTree = "<group>"; };
		59A646AC722AE91CA25AA1E2 /* ListViewControllerTests.swift */ = {isa = PBXFileReference; lastKnownFileType = sourcecode.swift; path = ListViewControllerTests.swift; sourceTree = "<group>"; };
		609844A02794596DDCDB2DFB /* Pods-challengeTests.debug.xcconfig */ = {isa = PBXFileReference; includeInIndex = 1; lastKnownFileType = text.xcconfig; name = "Pods-challengeTests.debug.xcconfig"; path = "Target Support Files/Pods-challengeTests/Pods-challengeTests.debug.xcconfig"; sourceTree = "<group>"; };
		61581B42180859BD3ED39C9F /* ResponseType.swift */ = {isa = PBXFileReference; lastKnownFileType = sourcecode.swift; path = ResponseType.swift; sourceTree = "<group>"; };
		634FC9A5BE89D55CAF520C93 /* ListViewModelTests.swift */ = {isa = PBXFileReference; lastKnownFileType = sourcecode.swift; path = ListViewModelTests.swift; sourceTree = "<group>"; };
		684AE9AB8A3BAFEB18E40B06 /* Environment.swift */ = {isa = PBXFileReference; lastKnownFileType = sourcecode.swift; path = Environment.swift; sourceTree = "<group>"; };
		6B580344F1CA5966A390547A /* UIViewExtensions.swift */ = {isa = PBXFileReference; lastKnownFileType = sourcecode.swift; path = UIViewExtensions.swift; sourceTree = "<group>"; };
		82F305E59C84A1A5886E6BFF /* UIEdgeInsetsExtensions.swift */ = {isa = PBXFileReference; lastKnownFileType = sourcecode.swift; path = UIEdgeInsetsExtensions.swift; sourceTree = "<group>"; };
		84379FD8D2D67F6ED64CC20A /* Pods-challenge.debug.xcconfig */ = {isa = PBXFileReference; includeInIndex = 1; lastKnownFileType = text.xcconfig; name = "Pods-challenge.debug.xcconfig"; path = "Target Support Files/Pods-challenge/Pods-challenge.debug.xcconfig"; sourceTree = "<group>"; };
		8656FDFD4EF4A7A726F14609 /* DetailsProtocols.swift */ = {isa = PBXFileReference; lastKnownFileType = sourcecode.swift; path = DetailsProtocols.swift; sourceTree = "<group>"; };
		9BDE3273485BBDD26991144C /* ListRequest.swift */ = {isa = PBXFileReference; lastKnownFileType = sourcecode.swift; path = ListRequest.swift; sourceTree = "<group>"; };
		A7B0AA272CF91257004F7D61 /* DetailsViewControllerTests.swift */ = {isa = PBXFileReference; lastKnownFileType = sourcecode.swift; path = DetailsViewControllerTests.swift; sourceTree = "<group>"; };
		A7B0AA292CF91287004F7D61 /* DetailsViewModelSpy.swift */ = {isa = PBXFileReference; lastKnownFileType = sourcecode.swift; path = DetailsViewModelSpy.swift; sourceTree = "<group>"; };
		A7B0AA2B2CF91463004F7D61 /* DetailsViewModelTests.swift */ = {isa = PBXFileReference; lastKnownFileType = sourcecode.swift; path = DetailsViewModelTests.swift; sourceTree = "<group>"; };
		A7B0AA2D2CF91489004F7D61 /* DetailsViewControllerSpy.swift */ = {isa = PBXFileReference; lastKnownFileType = sourcecode.swift; path = DetailsViewControllerSpy.swift; sourceTree = "<group>"; };
		AAEA53A87F153CF53028A095 /* ListProtocols.swift */ = {isa = PBXFileReference; lastKnownFileType = sourcecode.swift; path = ListProtocols.swift; sourceTree = "<group>"; };
		AFEB7D56F889A65194A6CF16 /* ListViewController.swift */ = {isa = PBXFileReference; lastKnownFileType = sourcecode.swift; path = ListViewController.swift; sourceTree = "<group>"; };
		B05FC68FFF0CF66EAD8B2A6D /* WASViewController.swift */ = {isa = PBXFileReference; lastKnownFileType = sourcecode.swift; path = WASViewController.swift; sourceTree = "<group>"; };
		B60CC303919150182D725478 /* ListCell.swift */ = {isa = PBXFileReference; lastKnownFileType = sourcecode.swift; path = ListCell.swift; sourceTree = "<group>"; };
		B649D746C667C0BC9EAB08DD /* Pods-challengeTests.release.xcconfig */ = {isa = PBXFileReference; includeInIndex = 1; lastKnownFileType = text.xcconfig; name = "Pods-challengeTests.release.xcconfig"; path = "Target Support Files/Pods-challengeTests/Pods-challengeTests.release.xcconfig"; sourceTree = "<group>"; };
		BEB5C4688A10945311AAFF9F /* DetailsCell.swift */ = {isa = PBXFileReference; lastKnownFileType = sourcecode.swift; path = DetailsCell.swift; sourceTree = "<group>"; };
		C2329FC97F4186A093519894 /* challengeTests.xctest */ = {isa = PBXFileReference; explicitFileType = wrapper.cfbundle; includeInIndex = 0; path = challengeTests.xctest; sourceTree = BUILT_PRODUCTS_DIR; };
		C8CFD8F90DF9818294EBBD4F /* ListViewModel.swift */ = {isa = PBXFileReference; lastKnownFileType = sourcecode.swift; path = ListViewModel.swift; sourceTree = "<group>"; };
		CDBE801742AEE2AF79ABD88B /* Info.plist */ = {isa = PBXFileReference; lastKnownFileType = text.plist; path = Info.plist; sourceTree = "<group>"; };
		DCD85FBBC34D10055E3EAD69 /* WASErrorView.swift */ = {isa = PBXFileReference; lastKnownFileType = sourcecode.swift; path = WASErrorView.swift; sourceTree = "<group>"; };
		DD77907685D8276202A7E5E1 /* Pods-challenge.release.xcconfig */ = {isa = PBXFileReference; includeInIndex = 1; lastKnownFileType = text.xcconfig; name = "Pods-challenge.release.xcconfig"; path = "Target Support Files/Pods-challenge/Pods-challenge.release.xcconfig"; sourceTree = "<group>"; };
		EAA56C4BF906A640713F6669 /* DetailsViewModel.swift */ = {isa = PBXFileReference; lastKnownFileType = sourcecode.swift; path = DetailsViewModel.swift; sourceTree = "<group>"; };
		EF955009F8E553739BD03589 /* ListViewControllerSpy.swift */ = {isa = PBXFileReference; lastKnownFileType = sourcecode.swift; path = ListViewControllerSpy.swift; sourceTree = "<group>"; };
		FF4AE156FED48705CA108893 /* DetailsViewController.swift */ = {isa = PBXFileReference; lastKnownFileType = sourcecode.swift; path = DetailsViewController.swift; sourceTree = "<group>"; };
/* End PBXFileReference section */

/* Begin PBXFrameworksBuildPhase section */
		1160640BF43B35FB29E722DD /* Frameworks */ = {
			isa = PBXFrameworksBuildPhase;
			buildActionMask = 2147483647;
			files = (
				FF3D601C8E6496F4F00AA227 /* Pods_challengeTests.framework in Frameworks */,
			);
			runOnlyForDeploymentPostprocessing = 0;
		};
		EC2401696C8BB0291F43F4FB /* Frameworks */ = {
			isa = PBXFrameworksBuildPhase;
			buildActionMask = 2147483647;
			files = (
				7F8668B9F5A8B65BE080D2F1 /* Pods_challenge.framework in Frameworks */,
			);
			runOnlyForDeploymentPostprocessing = 0;
		};
/* End PBXFrameworksBuildPhase section */

/* Begin PBXGroup section */
		12F97E69C081305D818A45CE /* Extensions */ = {
			isa = PBXGroup;
			children = (
				32DBFF2C1B04041AB58719AA /* IntExtensions.swift */,
				5512C7C54B5D9064C8891DE6 /* UIColorExtensions.swift */,
				82F305E59C84A1A5886E6BFF /* UIEdgeInsetsExtensions.swift */,
				0DD9B43DA6C0E3AFF09A66E6 /* UIFontExtensions.swift */,
				321E68490AAB2283EFF437A3 /* UIImageViewExtensions.swift */,
				6B580344F1CA5966A390547A /* UIViewExtensions.swift */,
			);
			path = Extensions;
			sourceTree = "<group>";
		};
		2327A0540315EE138FA181D8 /* List */ = {
			isa = PBXGroup;
			children = (
				59A646AC722AE91CA25AA1E2 /* ListViewControllerTests.swift */,
				634FC9A5BE89D55CAF520C93 /* ListViewModelTests.swift */,
				862D1B618BA5A2F242B23F46 /* Mocks */,
				DC0DF16AAC4700593D14791C /* Spies */,
			);
			path = List;
			sourceTree = "<group>";
		};
		343B6CB93095F1779FFB324D /* Details */ = {
			isa = PBXGroup;
			children = (
				A7B0AA2B2CF91463004F7D61 /* DetailsViewModelTests.swift */,
				A7B0AA272CF91257004F7D61 /* DetailsViewControllerTests.swift */,
			);
			path = Details;
			sourceTree = "<group>";
		};
		374176976DEE7B980BE55DB7 /* challenge */ = {
			isa = PBXGroup;
			children = (
				1A246ADB20CFDF70859310ED /* AppDelegate.swift */,
				426143FFD3FE63590BBF47A8 /* Assets.xcassets */,
				0F5C84DBFF090DE3200E946C /* Info.plist */,
				243356E12739A4D68A2E238E /* LaunchScreen.storyboard */,
				B5B5F5552170B362404FD301 /* API */,
				79E70874E1E11AF96DB6DF78 /* Base */,
				12F97E69C081305D818A45CE /* Extensions */,
				FE227FC92538EA23F02D6182 /* Modules */,
			);
			path = challenge;
			sourceTree = "<group>";
		};
		4E693414CD93C8A4ABE53939 /* Frameworks */ = {
			isa = PBXGroup;
			children = (
				51DBE41BF8DCE9DB4C340B52 /* Pods_challenge.framework */,
				0930DF4F58959602EC46CA73 /* Pods_challengeTests.framework */,
			);
			name = Frameworks;
			sourceTree = "<group>";
		};
		568FDB59180F06F5FA5443E4 = {
			isa = PBXGroup;
			children = (
				374176976DEE7B980BE55DB7 /* challenge */,
				83EA72DEDA6FEB9F44E31634 /* challengeTests */,
				660DA69B4B34DD1D930F5D97 /* Products */,
				F552A3434D73C3875542106D /* Pods */,
				4E693414CD93C8A4ABE53939 /* Frameworks */,
			);
			sourceTree = "<group>";
		};
		660DA69B4B34DD1D930F5D97 /* Products */ = {
			isa = PBXGroup;
			children = (
				12F63258320BA3CC9F59B93A /* challenge.app */,
				C2329FC97F4186A093519894 /* challengeTests.xctest */,
			);
			name = Products;
			sourceTree = "<group>";
		};
		6FC1C744C783131BB1B54FDD /* Views */ = {
			isa = PBXGroup;
			children = (
				BEB5C4688A10945311AAFF9F /* DetailsCell.swift */,
			);
			path = Views;
			sourceTree = "<group>";
		};
		79E70874E1E11AF96DB6DF78 /* Base */ = {
			isa = PBXGroup;
			children = (
				37C31550BB701C320CC410A6 /* DependencyContainer.swift */,
				684AE9AB8A3BAFEB18E40B06 /* Environment.swift */,
				DCD85FBBC34D10055E3EAD69 /* WASErrorView.swift */,
				B05FC68FFF0CF66EAD8B2A6D /* WASViewController.swift */,
			);
			path = Base;
			sourceTree = "<group>";
		};
		7E32746C04702E644CE2788B /* Details */ = {
			isa = PBXGroup;
			children = (
				8656FDFD4EF4A7A726F14609 /* DetailsProtocols.swift */,
				14616C85A7D5D52BF442A1DE /* DetailsRowViewModel.swift */,
				FF4AE156FED48705CA108893 /* DetailsViewController.swift */,
				EAA56C4BF906A640713F6669 /* DetailsViewModel.swift */,
				6FC1C744C783131BB1B54FDD /* Views */,
			);
			path = Details;
			sourceTree = "<group>";
		};
		83EA72DEDA6FEB9F44E31634 /* challengeTests */ = {
			isa = PBXGroup;
			children = (
				CDBE801742AEE2AF79ABD88B /* Info.plist */,
				DD251E0FDBBCB1BC08984755 /* Commons */,
				D48A6B053122211D33B69E78 /* Modules */,
			);
			path = challengeTests;
			sourceTree = "<group>";
		};
		862D1B618BA5A2F242B23F46 /* Mocks */ = {
			isa = PBXGroup;
			children = (
				563D9AA2EBB99AB720A5C078 /* ListRowViewModelMock.swift */,
			);
			path = Mocks;
			sourceTree = "<group>";
		};
		B5B5F5552170B362404FD301 /* API */ = {
			isa = PBXGroup;
			children = (
				4B50BFB38A96993D3E0E3CFD /* DetailsRequest.swift */,
				4085035C82E946EDEF11A67B /* DetailsResponse.swift */,
				9BDE3273485BBDD26991144C /* ListRequest.swift */,
				330BC010316443033E562CB9 /* ListResponse.swift */,
				47B92C0E750C0C1377FADC6A /* Owner.swift */,
			);
			path = API;
			sourceTree = "<group>";
		};
		D48A6B053122211D33B69E78 /* Modules */ = {
			isa = PBXGroup;
			children = (
				343B6CB93095F1779FFB324D /* Details */,
				2327A0540315EE138FA181D8 /* List */,
			);
			path = Modules;
			sourceTree = "<group>";
		};
		DA3B0C04B5323932448E20BC /* List */ = {
			isa = PBXGroup;
			children = (
				AAEA53A87F153CF53028A095 /* ListProtocols.swift */,
				40BAA68C2ABF5FE9A5B3244E /* ListRowViewModel.swift */,
				AFEB7D56F889A65194A6CF16 /* ListViewController.swift */,
				C8CFD8F90DF9818294EBBD4F /* ListViewModel.swift */,
				F28C009B0A10911CC0545093 /* Views */,
			);
			path = List;
			sourceTree = "<group>";
		};
		DC0DF16AAC4700593D14791C /* Spies */ = {
			isa = PBXGroup;
			children = (
				A7B0AA2D2CF91489004F7D61 /* DetailsViewControllerSpy.swift */,
				EF955009F8E553739BD03589 /* ListViewControllerSpy.swift */,
				3F7607584B964F78F1C031CC /* ListViewModelSpy.swift */,
				A7B0AA292CF91287004F7D61 /* DetailsViewModelSpy.swift */,
			);
			path = Spies;
			sourceTree = "<group>";
		};
		DD251E0FDBBCB1BC08984755 /* Commons */ = {
			isa = PBXGroup;
			children = (
				61581B42180859BD3ED39C9F /* ResponseType.swift */,
				34209B378C6E7602D8D5B73B /* WASAPIMock.swift */,
			);
			path = Commons;
			sourceTree = "<group>";
		};
		F28C009B0A10911CC0545093 /* Views */ = {
			isa = PBXGroup;
			children = (
				B60CC303919150182D725478 /* ListCell.swift */,
			);
			path = Views;
			sourceTree = "<group>";
		};
		F552A3434D73C3875542106D /* Pods */ = {
			isa = PBXGroup;
			children = (
				84379FD8D2D67F6ED64CC20A /* Pods-challenge.debug.xcconfig */,
				DD77907685D8276202A7E5E1 /* Pods-challenge.release.xcconfig */,
				609844A02794596DDCDB2DFB /* Pods-challengeTests.debug.xcconfig */,
				B649D746C667C0BC9EAB08DD /* Pods-challengeTests.release.xcconfig */,
			);
			path = Pods;
			sourceTree = "<group>";
		};
		FE227FC92538EA23F02D6182 /* Modules */ = {
			isa = PBXGroup;
			children = (
				7E32746C04702E644CE2788B /* Details */,
				DA3B0C04B5323932448E20BC /* List */,
			);
			path = Modules;
			sourceTree = "<group>";
		};
/* End PBXGroup section */

/* Begin PBXNativeTarget section */
		1BD18AB17563842D09796886 /* challenge */ = {
			isa = PBXNativeTarget;
			buildConfigurationList = ECEC575B496C441D66721314 /* Build configuration list for PBXNativeTarget "challenge" */;
			buildPhases = (
				37B7351D7D385642B4C72E60 /* [CP] Check Pods Manifest.lock */,
				68CF752D02249B0798C25160 /* Sources */,
				DF5F550158272601270908BB /* Resources */,
				82565BB5205F6B438ED4A59B /* SwiftLint */,
				EC2401696C8BB0291F43F4FB /* Frameworks */,
				C24367194C7B986E3BB9CB2F /* [CP] Embed Pods Frameworks */,
			);
			buildRules = (
			);
			dependencies = (
			);
			name = challenge;
			productName = challenge;
			productReference = 12F63258320BA3CC9F59B93A /* challenge.app */;
			productType = "com.apple.product-type.application";
		};
		DED52B9E5B9F29D242AC2B4B /* challengeTests */ = {
			isa = PBXNativeTarget;
			buildConfigurationList = 85EB60BB5E1B24492930F216 /* Build configuration list for PBXNativeTarget "challengeTests" */;
			buildPhases = (
				7A6CD1CF2FB109B8AF695231 /* [CP] Check Pods Manifest.lock */,
				B35CE10565ACCC3513DA8FCA /* Sources */,
				1160640BF43B35FB29E722DD /* Frameworks */,
			);
			buildRules = (
			);
			dependencies = (
				02309607BCFEF5E552F5471D /* PBXTargetDependency */,
			);
			name = challengeTests;
			productName = challengeTests;
			productReference = C2329FC97F4186A093519894 /* challengeTests.xctest */;
			productType = "com.apple.product-type.bundle.unit-test";
		};
/* End PBXNativeTarget section */

/* Begin PBXProject section */
		3D3C629AA56C05E99DA73355 /* Project object */ = {
			isa = PBXProject;
			attributes = {
				BuildIndependentTargetsInParallel = YES;
				LastUpgradeCheck = 1600;
				TargetAttributes = {
					1BD18AB17563842D09796886 = {
						DevelopmentTeam = "";
						ProvisioningStyle = Manual;
					};
				};
			};
			buildConfigurationList = EB3B666A28181B6E0508EEB8 /* Build configuration list for PBXProject "challenge" */;
			compatibilityVersion = "Xcode 14.0";
			developmentRegion = en;
			hasScannedForEncodings = 0;
			knownRegions = (
				Base,
				en,
			);
			mainGroup = 568FDB59180F06F5FA5443E4;
			productRefGroup = 660DA69B4B34DD1D930F5D97 /* Products */;
			projectDirPath = "";
			projectRoot = "";
			targets = (
				1BD18AB17563842D09796886 /* challenge */,
				DED52B9E5B9F29D242AC2B4B /* challengeTests */,
			);
		};
/* End PBXProject section */

/* Begin PBXResourcesBuildPhase section */
		DF5F550158272601270908BB /* Resources */ = {
			isa = PBXResourcesBuildPhase;
			buildActionMask = 2147483647;
			files = (
				8DC0EB0FA6D1141EC9EAF48A /* Assets.xcassets in Resources */,
				9A662310EB98699B52D4C8B7 /* LaunchScreen.storyboard in Resources */,
			);
			runOnlyForDeploymentPostprocessing = 0;
		};
/* End PBXResourcesBuildPhase section */

/* Begin PBXShellScriptBuildPhase section */
		37B7351D7D385642B4C72E60 /* [CP] Check Pods Manifest.lock */ = {
			isa = PBXShellScriptBuildPhase;
			buildActionMask = 2147483647;
			files = (
			);
			inputFileListPaths = (
			);
			inputPaths = (
				"${PODS_PODFILE_DIR_PATH}/Podfile.lock",
				"${PODS_ROOT}/Manifest.lock",
			);
			name = "[CP] Check Pods Manifest.lock";
			outputFileListPaths = (
			);
			outputPaths = (
				"$(DERIVED_FILE_DIR)/Pods-challenge-checkManifestLockResult.txt",
			);
			runOnlyForDeploymentPostprocessing = 0;
			shellPath = /bin/sh;
			shellScript = "diff \"${PODS_PODFILE_DIR_PATH}/Podfile.lock\" \"${PODS_ROOT}/Manifest.lock\" > /dev/null\nif [ $? != 0 ] ; then\n    # print error to STDERR\n    echo \"error: The sandbox is not in sync with the Podfile.lock. Run 'pod install' or update your CocoaPods installation.\" >&2\n    exit 1\nfi\n# This output is used by Xcode 'outputs' to avoid re-running this script phase.\necho \"SUCCESS\" > \"${SCRIPT_OUTPUT_FILE_0}\"\n";
			showEnvVarsInLog = 0;
		};
		7A6CD1CF2FB109B8AF695231 /* [CP] Check Pods Manifest.lock */ = {
			isa = PBXShellScriptBuildPhase;
			buildActionMask = 2147483647;
			files = (
			);
			inputFileListPaths = (
			);
			inputPaths = (
				"${PODS_PODFILE_DIR_PATH}/Podfile.lock",
				"${PODS_ROOT}/Manifest.lock",
			);
			name = "[CP] Check Pods Manifest.lock";
			outputFileListPaths = (
			);
			outputPaths = (
				"$(DERIVED_FILE_DIR)/Pods-challengeTests-checkManifestLockResult.txt",
			);
			runOnlyForDeploymentPostprocessing = 0;
			shellPath = /bin/sh;
			shellScript = "diff \"${PODS_PODFILE_DIR_PATH}/Podfile.lock\" \"${PODS_ROOT}/Manifest.lock\" > /dev/null\nif [ $? != 0 ] ; then\n    # print error to STDERR\n    echo \"error: The sandbox is not in sync with the Podfile.lock. Run 'pod install' or update your CocoaPods installation.\" >&2\n    exit 1\nfi\n# This output is used by Xcode 'outputs' to avoid re-running this script phase.\necho \"SUCCESS\" > \"${SCRIPT_OUTPUT_FILE_0}\"\n";
			showEnvVarsInLog = 0;
		};
		82565BB5205F6B438ED4A59B /* SwiftLint */ = {
			isa = PBXShellScriptBuildPhase;
			buildActionMask = 2147483647;
			files = (
			);
			inputFileListPaths = (
			);
			inputPaths = (
			);
			name = SwiftLint;
			outputFileListPaths = (
			);
			outputPaths = (
			);
			runOnlyForDeploymentPostprocessing = 0;
			shellPath = /bin/sh;
			shellScript = "${PODS_ROOT}/SwiftLint/swiftlint";
		};
		C24367194C7B986E3BB9CB2F /* [CP] Embed Pods Frameworks */ = {
			isa = PBXShellScriptBuildPhase;
			buildActionMask = 2147483647;
			files = (
			);
			inputFileListPaths = (
				"${PODS_ROOT}/Target Support Files/Pods-challenge/Pods-challenge-frameworks-${CONFIGURATION}-input-files.xcfilelist",
			);
			name = "[CP] Embed Pods Frameworks";
			outputFileListPaths = (
				"${PODS_ROOT}/Target Support Files/Pods-challenge/Pods-challenge-frameworks-${CONFIGURATION}-output-files.xcfilelist",
			);
			runOnlyForDeploymentPostprocessing = 0;
			shellPath = /bin/sh;
			shellScript = "\"${PODS_ROOT}/Target Support Files/Pods-challenge/Pods-challenge-frameworks.sh\"\n";
			showEnvVarsInLog = 0;
		};
/* End PBXShellScriptBuildPhase section */

/* Begin PBXSourcesBuildPhase section */
		68CF752D02249B0798C25160 /* Sources */ = {
			isa = PBXSourcesBuildPhase;
			buildActionMask = 2147483647;
			files = (
				1941AAFD07D0E0BE8C768C68 /* AppDelegate.swift in Sources */,
				8F9C6D4A64C25C9D0230F4EC /* DependencyContainer.swift in Sources */,
				19853B712B1258A4A77BE40F /* DetailsCell.swift in Sources */,
				C248158A78A4FE80B5BBFF3D /* DetailsProtocols.swift in Sources */,
				44196E385F9538CCBD34E79F /* DetailsRequest.swift in Sources */,
				0E2A12E3868FDBCF1C0A882F /* DetailsResponse.swift in Sources */,
				4C7F14665FB781873738F5D0 /* DetailsRowViewModel.swift in Sources */,
				ECE900EBF3407B32FCC74B9A /* DetailsViewController.swift in Sources */,
				ADD9776A90EF383A304730B8 /* DetailsViewModel.swift in Sources */,
				4EC8243188811042E5C96757 /* Environment.swift in Sources */,
				421EE96A7085F9DCE6FCB630 /* IntExtensions.swift in Sources */,
				7FE66B315EAA472E49A767B8 /* ListCell.swift in Sources */,
				F352CAEF68CC465A65EC7AD0 /* ListProtocols.swift in Sources */,
				189E35BD3DF3BCEEF2E744C0 /* ListRequest.swift in Sources */,
				0AD779DB9AB33F688896398A /* ListResponse.swift in Sources */,
				E6EBF1EC70686285A89F3AE4 /* ListRowViewModel.swift in Sources */,
				F27C81B354E978DCF54D3C42 /* ListViewController.swift in Sources */,
				347D1D4246A07463ED86AF97 /* ListViewModel.swift in Sources */,
				CA8548C46BB18409F34588EE /* Owner.swift in Sources */,
				C7418185A281AA5807AF3FF2 /* UIColorExtensions.swift in Sources */,
				88A0DF395094BBB3362D813C /* UIEdgeInsetsExtensions.swift in Sources */,
				526060D9204A83D86C752A1B /* UIFontExtensions.swift in Sources */,
				C18513E544DC68E5B364FE70 /* UIImageViewExtensions.swift in Sources */,
				B346C0E71966480D43BB333A /* UIViewExtensions.swift in Sources */,
				54CDDAB6DA0EBCB9A4FEB870 /* WASErrorView.swift in Sources */,
				98B3448D707CD453FBB9E826 /* WASViewController.swift in Sources */,
			);
			runOnlyForDeploymentPostprocessing = 0;
		};
		B35CE10565ACCC3513DA8FCA /* Sources */ = {
			isa = PBXSourcesBuildPhase;
			buildActionMask = 2147483647;
			files = (
				2A4C6019CD196D16C3CAB84A /* ListRowViewModelMock.swift in Sources */,
				BCF832618FC39039F09BB0A6 /* ListViewControllerSpy.swift in Sources */,
				9A8B3D72381DB8871C7986B8 /* ListViewControllerTests.swift in Sources */,
				C2C81BB626839233ABA6B403 /* ListViewModelSpy.swift in Sources */,
				5230C3F163D0772309DC4210 /* ListViewModelTests.swift in Sources */,
				717DCBCE964DB7506C3242D3 /* ResponseType.swift in Sources */,
				A7B0AA2E2CF9148E004F7D61 /* DetailsViewControllerSpy.swift in Sources */,
				A7B0AA2A2CF91287004F7D61 /* DetailsViewModelSpy.swift in Sources */,
				A7B0AA2C2CF91469004F7D61 /* DetailsViewModelTests.swift in Sources */,
				A7B0AA282CF9125F004F7D61 /* DetailsViewControllerTests.swift in Sources */,
				7DEAEDBB98695D0F14BF93A2 /* WASAPIMock.swift in Sources */,
			);
			runOnlyForDeploymentPostprocessing = 0;
		};
/* End PBXSourcesBuildPhase section */

/* Begin PBXTargetDependency section */
		02309607BCFEF5E552F5471D /* PBXTargetDependency */ = {
			isa = PBXTargetDependency;
			target = 1BD18AB17563842D09796886 /* challenge */;
			targetProxy = C7A29AC73D88BCC6FC5AF32A /* PBXContainerItemProxy */;
		};
/* End PBXTargetDependency section */

/* Begin PBXVariantGroup section */
		243356E12739A4D68A2E238E /* LaunchScreen.storyboard */ = {
			isa = PBXVariantGroup;
			children = (
				47123DAE98C0248E50D0C76D /* Base */,
			);
			name = LaunchScreen.storyboard;
			sourceTree = "<group>";
		};
/* End PBXVariantGroup section */

/* Begin XCBuildConfiguration section */
		28AB1A052CDA67ACB1F215BA /* Release */ = {
			isa = XCBuildConfiguration;
			baseConfigurationReference = B649D746C667C0BC9EAB08DD /* Pods-challengeTests.release.xcconfig */;
			buildSettings = {
				BUNDLE_LOADER = "$(TEST_HOST)";
				INFOPLIST_FILE = challengeTests/Info.plist;
				LD_RUNPATH_SEARCH_PATHS = (
					"$(inherited)",
					"@executable_path/Frameworks",
					"@loader_path/Frameworks",
				);
				SDKROOT = iphoneos;
				TARGETED_DEVICE_FAMILY = "1,2";
				TEST_HOST = "$(BUILT_PRODUCTS_DIR)/challenge.app/challenge";
			};
			name = Release;
		};
		292A3D303E999C145FDDA7C5 /* Debug */ = {
			isa = XCBuildConfiguration;
			baseConfigurationReference = 609844A02794596DDCDB2DFB /* Pods-challengeTests.debug.xcconfig */;
			buildSettings = {
				BUNDLE_LOADER = "$(TEST_HOST)";
				INFOPLIST_FILE = challengeTests/Info.plist;
				LD_RUNPATH_SEARCH_PATHS = (
					"$(inherited)",
					"@executable_path/Frameworks",
					"@loader_path/Frameworks",
				);
				SDKROOT = iphoneos;
				TARGETED_DEVICE_FAMILY = "1,2";
				TEST_HOST = "$(BUILT_PRODUCTS_DIR)/challenge.app/challenge";
			};
			name = Debug;
		};
		610EB4116072A9DF0F7561B0 /* Release */ = {
			isa = XCBuildConfiguration;
			baseConfigurationReference = DD77907685D8276202A7E5E1 /* Pods-challenge.release.xcconfig */;
			buildSettings = {
				ASSETCATALOG_COMPILER_APPICON_NAME = AppIcon;
				CODE_SIGN_IDENTITY = "iPhone Developer";
				CODE_SIGN_STYLE = Manual;
				DEVELOPMENT_TEAM = "";
				INFOPLIST_FILE = challenge/Info.plist;
				IPHONEOS_DEPLOYMENT_TARGET = 17.0;
				LD_RUNPATH_SEARCH_PATHS = (
					"$(inherited)",
					"@executable_path/Frameworks",
				);
				PRODUCT_BUNDLE_IDENTIFIER = br.com.wagnersales.challenge;
				SDKROOT = iphoneos;
				TARGETED_DEVICE_FAMILY = "1,2";
			};
			name = Release;
		};
		99AD046FD9B5AD848594626B /* Debug */ = {
			isa = XCBuildConfiguration;
			baseConfigurationReference = 84379FD8D2D67F6ED64CC20A /* Pods-challenge.debug.xcconfig */;
			buildSettings = {
				ASSETCATALOG_COMPILER_APPICON_NAME = AppIcon;
				CODE_SIGN_IDENTITY = "iPhone Developer";
				CODE_SIGN_STYLE = Manual;
				DEVELOPMENT_TEAM = "";
				INFOPLIST_FILE = challenge/Info.plist;
				IPHONEOS_DEPLOYMENT_TARGET = 17.0;
				LD_RUNPATH_SEARCH_PATHS = (
					"$(inherited)",
					"@executable_path/Frameworks",
				);
				PRODUCT_BUNDLE_IDENTIFIER = br.com.wagnersales.challenge;
				SDKROOT = iphoneos;
				TARGETED_DEVICE_FAMILY = "1,2";
			};
			name = Debug;
		};
		9FC8F5CA5C4A2402E8733D26 /* Release */ = {
			isa = XCBuildConfiguration;
			buildSettings = {
				ALWAYS_EMBED_SWIFT_STANDARD_LIBRARIES = YES;
				ALWAYS_SEARCH_USER_PATHS = NO;
				CLANG_ANALYZER_NONNULL = YES;
				CLANG_ANALYZER_NUMBER_OBJECT_CONVERSION = YES_AGGRESSIVE;
				CLANG_CXX_LANGUAGE_STANDARD = "gnu++14";
				CLANG_CXX_LIBRARY = "libc++";
				CLANG_ENABLE_MODULES = YES;
				CLANG_ENABLE_OBJC_ARC = YES;
				CLANG_ENABLE_OBJC_WEAK = YES;
				CLANG_WARN_BLOCK_CAPTURE_AUTORELEASING = YES;
				CLANG_WARN_BOOL_CONVERSION = YES;
				CLANG_WARN_COMMA = YES;
				CLANG_WARN_CONSTANT_CONVERSION = YES;
				CLANG_WARN_DEPRECATED_OBJC_IMPLEMENTATIONS = YES;
				CLANG_WARN_DIRECT_OBJC_ISA_USAGE = YES_ERROR;
				CLANG_WARN_DOCUMENTATION_COMMENTS = YES;
				CLANG_WARN_EMPTY_BODY = YES;
				CLANG_WARN_ENUM_CONVERSION = YES;
				CLANG_WARN_INFINITE_RECURSION = YES;
				CLANG_WARN_INT_CONVERSION = YES;
				CLANG_WARN_NON_LITERAL_NULL_CONVERSION = YES;
				CLANG_WARN_OBJC_IMPLICIT_RETAIN_SELF = YES;
				CLANG_WARN_OBJC_LITERAL_CONVERSION = YES;
				CLANG_WARN_OBJC_ROOT_CLASS = YES_ERROR;
				CLANG_WARN_QUOTED_INCLUDE_IN_FRAMEWORK_HEADER = YES;
				CLANG_WARN_RANGE_LOOP_ANALYSIS = YES;
				CLANG_WARN_STRICT_PROTOTYPES = YES;
				CLANG_WARN_SUSPICIOUS_MOVE = YES;
				CLANG_WARN_UNGUARDED_AVAILABILITY = YES_AGGRESSIVE;
				CLANG_WARN_UNREACHABLE_CODE = YES;
				CLANG_WARN__DUPLICATE_METHOD_MATCH = YES;
				CODE_SIGN_IDENTITY = "iPhone Developer";
				COPY_PHASE_STRIP = NO;
				DEBUG_INFORMATION_FORMAT = "dwarf-with-dsym";
				ENABLE_NS_ASSERTIONS = NO;
				ENABLE_STRICT_OBJC_MSGSEND = YES;
				GCC_C_LANGUAGE_STANDARD = gnu11;
				GCC_NO_COMMON_BLOCKS = YES;
				GCC_WARN_64_TO_32_BIT_CONVERSION = YES;
				GCC_WARN_ABOUT_RETURN_TYPE = YES_ERROR;
				GCC_WARN_UNDECLARED_SELECTOR = YES;
				GCC_WARN_UNINITIALIZED_AUTOS = YES_AGGRESSIVE;
				GCC_WARN_UNUSED_FUNCTION = YES;
				GCC_WARN_UNUSED_VARIABLE = YES;
				IPHONEOS_DEPLOYMENT_TARGET = 17.0;
				MARKETING_VERSION = 1.0.0;
				MTL_ENABLE_DEBUG_INFO = NO;
				MTL_FAST_MATH = YES;
				PRODUCT_NAME = "$(TARGET_NAME)";
				SDKROOT = iphoneos;
				SWIFT_COMPILATION_MODE = wholemodule;
				SWIFT_OPTIMIZATION_LEVEL = "-O";
				SWIFT_VERSION = 5.0;
				VERSIONING_SYSTEM = "apple-generic";
			};
			name = Release;
		};
		EBE04EA23AB88A9AE1C0723C /* Debug */ = {
			isa = XCBuildConfiguration;
			buildSettings = {
				ALWAYS_EMBED_SWIFT_STANDARD_LIBRARIES = YES;
				ALWAYS_SEARCH_USER_PATHS = NO;
				CLANG_ANALYZER_NONNULL = YES;
				CLANG_ANALYZER_NUMBER_OBJECT_CONVERSION = YES_AGGRESSIVE;
				CLANG_CXX_LANGUAGE_STANDARD = "gnu++14";
				CLANG_CXX_LIBRARY = "libc++";
				CLANG_ENABLE_MODULES = YES;
				CLANG_ENABLE_OBJC_ARC = YES;
				CLANG_ENABLE_OBJC_WEAK = YES;
				CLANG_WARN_BLOCK_CAPTURE_AUTORELEASING = YES;
				CLANG_WARN_BOOL_CONVERSION = YES;
				CLANG_WARN_COMMA = YES;
				CLANG_WARN_CONSTANT_CONVERSION = YES;
				CLANG_WARN_DEPRECATED_OBJC_IMPLEMENTATIONS = YES;
				CLANG_WARN_DIRECT_OBJC_ISA_USAGE = YES_ERROR;
				CLANG_WARN_DOCUMENTATION_COMMENTS = YES;
				CLANG_WARN_EMPTY_BODY = YES;
				CLANG_WARN_ENUM_CONVERSION = YES;
				CLANG_WARN_INFINITE_RECURSION = YES;
				CLANG_WARN_INT_CONVERSION = YES;
				CLANG_WARN_NON_LITERAL_NULL_CONVERSION = YES;
				CLANG_WARN_OBJC_IMPLICIT_RETAIN_SELF = YES;
				CLANG_WARN_OBJC_LITERAL_CONVERSION = YES;
				CLANG_WARN_OBJC_ROOT_CLASS = YES_ERROR;
				CLANG_WARN_QUOTED_INCLUDE_IN_FRAMEWORK_HEADER = YES;
				CLANG_WARN_RANGE_LOOP_ANALYSIS = YES;
				CLANG_WARN_STRICT_PROTOTYPES = YES;
				CLANG_WARN_SUSPICIOUS_MOVE = YES;
				CLANG_WARN_UNGUARDED_AVAILABILITY = YES_AGGRESSIVE;
				CLANG_WARN_UNREACHABLE_CODE = YES;
				CLANG_WARN__DUPLICATE_METHOD_MATCH = YES;
				CODE_SIGN_IDENTITY = "iPhone Developer";
				COPY_PHASE_STRIP = NO;
				DEBUG_INFORMATION_FORMAT = dwarf;
				ENABLE_STRICT_OBJC_MSGSEND = YES;
				ENABLE_TESTABILITY = YES;
				GCC_C_LANGUAGE_STANDARD = gnu11;
				GCC_DYNAMIC_NO_PIC = NO;
				GCC_NO_COMMON_BLOCKS = YES;
				GCC_OPTIMIZATION_LEVEL = 0;
				GCC_PREPROCESSOR_DEFINITIONS = (
					"$(inherited)",
					"DEBUG=1",
				);
				GCC_WARN_64_TO_32_BIT_CONVERSION = YES;
				GCC_WARN_ABOUT_RETURN_TYPE = YES_ERROR;
				GCC_WARN_UNDECLARED_SELECTOR = YES;
				GCC_WARN_UNINITIALIZED_AUTOS = YES_AGGRESSIVE;
				GCC_WARN_UNUSED_FUNCTION = YES;
				GCC_WARN_UNUSED_VARIABLE = YES;
				IPHONEOS_DEPLOYMENT_TARGET = 17.0;
				MARKETING_VERSION = 1.0.0;
				MTL_ENABLE_DEBUG_INFO = INCLUDE_SOURCE;
				MTL_FAST_MATH = YES;
				ONLY_ACTIVE_ARCH = YES;
				PRODUCT_NAME = "$(TARGET_NAME)";
				SDKROOT = iphoneos;
				SWIFT_ACTIVE_COMPILATION_CONDITIONS = DEBUG;
				SWIFT_OPTIMIZATION_LEVEL = "-Onone";
				SWIFT_VERSION = 5.0;
				VERSIONING_SYSTEM = "apple-generic";
			};
			name = Debug;
		};
/* End XCBuildConfiguration section */

/* Begin XCConfigurationList section */
		85EB60BB5E1B24492930F216 /* Build configuration list for PBXNativeTarget "challengeTests" */ = {
			isa = XCConfigurationList;
			buildConfigurations = (
				292A3D303E999C145FDDA7C5 /* Debug */,
				28AB1A052CDA67ACB1F215BA /* Release */,
			);
			defaultConfigurationIsVisible = 0;
			defaultConfigurationName = Debug;
		};
		EB3B666A28181B6E0508EEB8 /* Build configuration list for PBXProject "challenge" */ = {
			isa = XCConfigurationList;
			buildConfigurations = (
				EBE04EA23AB88A9AE1C0723C /* Debug */,
				9FC8F5CA5C4A2402E8733D26 /* Release */,
			);
			defaultConfigurationIsVisible = 0;
			defaultConfigurationName = Debug;
		};
		ECEC575B496C441D66721314 /* Build configuration list for PBXNativeTarget "challenge" */ = {
			isa = XCConfigurationList;
			buildConfigurations = (
				99AD046FD9B5AD848594626B /* Debug */,
				610EB4116072A9DF0F7561B0 /* Release */,
			);
			defaultConfigurationIsVisible = 0;
			defaultConfigurationName = Debug;
		};
/* End XCConfigurationList section */
	};
	rootObject = 3D3C629AA56C05E99DA73355 /* Project object */;
}
